{
  "meteor": {},
  "dependencies": {
    "basePackages": {
      "perseid": {
        "path": "../perseid"
      },
      "perseid-gallery": {
        "path": "../perseid-gallery"
      },
      "perseid-blog": {
        "path": "../perseid-blog"
      }
    },
    "packages": {
      "perseid": {
        "path": "../perseid"
      },
      "perseid-gallery": {
        "path": "../perseid-gallery"
      },
      "perseid-blog": {
        "path": "../perseid-blog"
      },
      "iron-router": {
        "git": "https://github.com/EventedMind/iron-router.git",
        "tag": "v0.6.1",
        "commit": "4e1ee0581d68bff422a915dacb0bd30eae10fe08"
      },
      "smartfile": {
        "git": "https://github.com/sylvaingi/meteor-smartfile.git",
        "tag": "v0.0.3",
        "commit": "937b29f05401d592080b1f51e5239f6d58d97d9e"
      },
      "moment": {
        "git": "https://github.com/acreeger/meteor-moment.git",
        "tag": "v2.2.1",
        "commit": "9ee12e714afe56b189f53076447b7b54f3012065"
      },
      "just-i18n": {
        "git": "https://github.com/sylvaingi/meteor-just-i18n.git",
        "branch": "master",
        "commit": "930e2985ecd1fee6086cecb95edce908fb28e11c"
      },
      "imagemagick": {
        "git": "https://github.com/sylvaingi/meteor-imagemagick.git",
        "tag": "v0.1.2",
        "commit": "d67bb926356d35cdff1a6d6c3c69750f3f54c059"
      }
    }
  }
}
